
Microsoft Visual Studio Solution File, Format Version 12.00
# Visual Studio Version 16
VisualStudioVersion = 25.0.1704.4
MinimumVisualStudioVersion = 10.0.40219.1
Project("{FAE04EC0-301F-11D3-BF4B-00C04F79EFBC}") = "NP", "NP\NP.csproj", "{D8AEE01F-B8A0-47E3-A168-91DCB74D30A9}"
EndProject
Project("{FAE04EC0-301F-11D3-BF4B-00C04F79EFBC}") = "NPTests", "NPTests\NPTests.csproj", "{61A595F2-9965-40B7-8DBF-D73B34C447B1}"
EndProject
Global
	GlobalSection(SolutionConfigurationPlatforms) = preSolution
		Debug|Any CPU = Debug|Any CPU
		Release|Any CPU = Release|Any CPU
	EndGlobalSection
	GlobalSection(ProjectConfigurationPlatforms) = postSolution
		{D8AEE01F-B8A0-47E3-A168-91DCB74D30A9}.Debug|Any CPU.ActiveCfg = Debug|Any CPU
		{D8AEE01F-B8A0-47E3-A168-91DCB74D30A9}.Debug|Any CPU.Build.0 = Debug|Any CPU
		{D8AEE01F-B8A0-47E3-A168-91DCB74D30A9}.Release|Any CPU.ActiveCfg = Release|Any CPU
		{D8AEE01F-B8A0-47E3-A168-91DCB74D30A9}.Release|Any CPU.Build.0 = Release|Any CPU
		{61A595F2-9965-40B7-8DBF-D73B34C447B1}.Debug|Any CPU.ActiveCfg = Debug|Any CPU
		{61A595F2-9965-40B7-8DBF-D73B34C447B1}.Debug|Any CPU.Build.0 = Debug|Any CPU
		{61A595F2-9965-40B7-8DBF-D73B34C447B1}.Release|Any CPU.ActiveCfg = Release|Any CPU
		{61A595F2-9965-40B7-8DBF-D73B34C447B1}.Release|Any CPU.Build.0 = Release|Any CPU
	EndGlobalSection
	GlobalSection(SolutionProperties) = preSolution
		HideSolutionNode = FALSE
	EndGlobalSection
	GlobalSection(ExtensibilityGlobals) = postSolution
		SolutionGuid = {437275D1-414E-499A-882F-10CF92B67FAE}
	EndGlobalSection
EndGlobal
