
Microsoft Visual Studio Solution File, Format Version 12.00
# Visual Studio Version 16
VisualStudioVersion = 25.0.1704.3
MinimumVisualStudioVersion = 10.0.40219.1
Project("{FAE04EC0-301F-11D3-BF4B-00C04F79EFBC}") = "NextPage", "NextPage.csproj", "{BCF310BE-3FA5-4A82-981A-86FB09311111}"
EndProject
Global
	GlobalSection(SolutionConfigurationPlatforms) = preSolution
		Debug|Any CPU = Debug|Any CPU
		Release|Any CPU = Release|Any CPU
	EndGlobalSection
	GlobalSection(ProjectConfigurationPlatforms) = postSolution
		{BCF310BE-3FA5-4A82-981A-86FB09311111}.Debug|Any CPU.ActiveCfg = Debug|Any CPU
		{BCF310BE-3FA5-4A82-981A-86FB09311111}.Debug|Any CPU.Build.0 = Debug|Any CPU
		{BCF310BE-3FA5-4A82-981A-86FB09311111}.Release|Any CPU.ActiveCfg = Release|Any CPU
		{BCF310BE-3FA5-4A82-981A-86FB09311111}.Release|Any CPU.Build.0 = Release|Any CPU
	EndGlobalSection
	GlobalSection(SolutionProperties) = preSolution
		HideSolutionNode = FALSE
	EndGlobalSection
	GlobalSection(ExtensibilityGlobals) = postSolution
		SolutionGuid = {C9B8C769-A63D-4418-A4B1-2C3588800C68}
	EndGlobalSection
EndGlobal
