
Microsoft Visual Studio Solution File, Format Version 12.00
# Visual Studio Version 16
VisualStudioVersion = 25.0.1705.3
MinimumVisualStudioVersion = 10.0.40219.1
Project("{FAE04EC0-301F-11D3-BF4B-00C04F79EFBC}") = "NP", "NP.csproj", "{2C42DEAC-D951-4DAB-8CBE-91864D2761BB}"
EndProject
Global
	GlobalSection(SolutionConfigurationPlatforms) = preSolution
		Debug|Any CPU = Debug|Any CPU
		Release|Any CPU = Release|Any CPU
	EndGlobalSection
	GlobalSection(ProjectConfigurationPlatforms) = postSolution
		{2C42DEAC-D951-4DAB-8CBE-91864D2761BB}.Debug|Any CPU.ActiveCfg = Debug|Any CPU
		{2C42DEAC-D951-4DAB-8CBE-91864D2761BB}.Debug|Any CPU.Build.0 = Debug|Any CPU
		{2C42DEAC-D951-4DAB-8CBE-91864D2761BB}.Release|Any CPU.ActiveCfg = Release|Any CPU
		{2C42DEAC-D951-4DAB-8CBE-91864D2761BB}.Release|Any CPU.Build.0 = Release|Any CPU
	EndGlobalSection
	GlobalSection(SolutionProperties) = preSolution
		HideSolutionNode = FALSE
	EndGlobalSection
	GlobalSection(ExtensibilityGlobals) = postSolution
		SolutionGuid = {F7A18D8A-06B1-49EE-8AFE-88CF11018AA8}
	EndGlobalSection
EndGlobal
